// !$*UTF8*$!
{
	archiveVersion = 1;
	classes = {
	};
	objectVersion = 46;
	objects = {

/* Begin PBXBuildFile section */
		5703FA4F1C9CC5A000C84F60 /* UserDocsTableViewCell.xib in Resources */ = {isa = PBXBuildFile; fileRef = 5703FA4E1C9CC5A000C84F60 /* UserDocsTableViewCell.xib */; };
		5703FA511C9D9A6C00C84F60 /* FolderDataSource.swift in Sources */ = {isa = PBXBuildFile; fileRef = 5703FA501C9D9A6C00C84F60 /* FolderDataSource.swift */; };
		5703FA531C9DDDFD00C84F60 /* DocumentsPickerNavBarOverlay.xib in Resources */ = {isa = PBXBuildFile; fileRef = 5703FA521C9DDDFD00C84F60 /* DocumentsPickerNavBarOverlay.xib */; };
		5703FA551C9DDF2B00C84F60 /* DocumentsPickerNavBarOverlay.swift in Sources */ = {isa = PBXBuildFile; fileRef = 5703FA541C9DDF2B00C84F60 /* DocumentsPickerNavBarOverlay.swift */; };
		5715AE7E1C8B863F0074C59F /* ImageService.swift in Sources */ = {isa = PBXBuildFile; fileRef = 5715AE7D1C8B863F0074C59F /* ImageService.swift */; };
		5715AE811C8BB5560074C59F /* Dispatch.swift in Sources */ = {isa = PBXBuildFile; fileRef = 5715AE801C8BB5560074C59F /* Dispatch.swift */; };
		575980F41C8F47DF009A9460 /* DocsParameterBuilder.swift in Sources */ = {isa = PBXBuildFile; fileRef = 575980F31C8F47DF009A9460 /* DocsParameterBuilder.swift */; };
		57687F861C8F32EE0037AF4F /* Bash.swift in Sources */ = {isa = PBXBuildFile; fileRef = 57687F851C8F32EE0037AF4F /* Bash.swift */; };
		5775CE941C98CE3F00D2C113 /* Reachability.swift in Sources */ = {isa = PBXBuildFile; fileRef = 5775CE931C98CE3F00D2C113 /* Reachability.swift */; };
		578257D51C8AFA6F003C3568 /* VKDocReaderTests.swift in Sources */ = {isa = PBXBuildFile; fileRef = 578257D41C8AFA6F003C3568 /* VKDocReaderTests.swift */; };
		578257E01C8AFA6F003C3568 /* VKDocReaderUITests.swift in Sources */ = {isa = PBXBuildFile; fileRef = 578257DF1C8AFA6F003C3568 /* VKDocReaderUITests.swift */; };
		578257FC1C8B173B003C3568 /* AppDelegate.swift in Sources */ = {isa = PBXBuildFile; fileRef = 578257EF1C8B173B003C3568 /* AppDelegate.swift */; };
		578258001C8B173B003C3568 /* Assets.xcassets in Resources */ = {isa = PBXBuildFile; fileRef = 578257FA1C8B173B003C3568 /* Assets.xcassets */; };
		578258031C8B18FF003C3568 /* ServiceLayer.swift in Sources */ = {isa = PBXBuildFile; fileRef = 578258021C8B18FF003C3568 /* ServiceLayer.swift */; };
		578258051C8B1959003C3568 /* Service.swift in Sources */ = {isa = PBXBuildFile; fileRef = 578258041C8B1959003C3568 /* Service.swift */; };
		578258071C8B1973003C3568 /* AuthService.swift in Sources */ = {isa = PBXBuildFile; fileRef = 578258061C8B1973003C3568 /* AuthService.swift */; };
		5782580D1C8B1A5B003C3568 /* Const.swift in Sources */ = {isa = PBXBuildFile; fileRef = 5782580C1C8B1A5B003C3568 /* Const.swift */; };
		5782580F1C8B278D003C3568 /* UserSettingsSerivce.swift in Sources */ = {isa = PBXBuildFile; fileRef = 5782580E1C8B278D003C3568 /* UserSettingsSerivce.swift */; };
		5795DD5E1C8C9D750008DFA1 /* DateFormatter.swift in Sources */ = {isa = PBXBuildFile; fileRef = 5795DD5D1C8C9D750008DFA1 /* DateFormatter.swift */; };
		5795DD601C8C9D8F0008DFA1 /* Error.swift in Sources */ = {isa = PBXBuildFile; fileRef = 5795DD5F1C8C9D8F0008DFA1 /* Error.swift */; };
		5795DD621C8CC9450008DFA1 /* UserService.swift in Sources */ = {isa = PBXBuildFile; fileRef = 5795DD611C8CC9450008DFA1 /* UserService.swift */; };
		5795DD641C8CCA280008DFA1 /* User.swift in Sources */ = {isa = PBXBuildFile; fileRef = 5795DD631C8CCA280008DFA1 /* User.swift */; };
		5795DD661C8CCAAC0008DFA1 /* UserParser.swift in Sources */ = {isa = PBXBuildFile; fileRef = 5795DD651C8CCAAC0008DFA1 /* UserParser.swift */; };
		57ADB19E1C9DF25E001E0766 /* DocumentsPickerTabBarOverlay.xib in Resources */ = {isa = PBXBuildFile; fileRef = 57ADB19D1C9DF25E001E0766 /* DocumentsPickerTabBarOverlay.xib */; };
		57ADB1A01C9DF265001E0766 /* DocumentsPickerTabBarOverlay.swift in Sources */ = {isa = PBXBuildFile; fileRef = 57ADB19F1C9DF265001E0766 /* DocumentsPickerTabBarOverlay.swift */; };
		57ADB1A21C9EC47A001E0766 /* MoveCopyViewController.swift in Sources */ = {isa = PBXBuildFile; fileRef = 57ADB1A11C9EC47A001E0766 /* MoveCopyViewController.swift */; };
		57ADB1A41C9F0496001E0766 /* Window.swift in Sources */ = {isa = PBXBuildFile; fileRef = 57ADB1A31C9F0496001E0766 /* Window.swift */; };
		57ADB1A61C9F215E001E0766 /* ToastManager.swift in Sources */ = {isa = PBXBuildFile; fileRef = 57ADB1A51C9F215E001E0766 /* ToastManager.swift */; };
		57ADB1AB1C9F3063001E0766 /* Lucida Grande.ttf in Resources */ = {isa = PBXBuildFile; fileRef = 57ADB1AA1C9F3063001E0766 /* Lucida Grande.ttf */; };
		57ADB1B01C9F3B5D001E0766 /* UIColors+VKColors.swift in Sources */ = {isa = PBXBuildFile; fileRef = 57ADB1AF1C9F3B5D001E0766 /* UIColors+VKColors.swift */; };
		57ADB1B21C9F3F21001E0766 /* UIFont+VKFont.swift in Sources */ = {isa = PBXBuildFile; fileRef = 57ADB1B11C9F3F21001E0766 /* UIFont+VKFont.swift */; };
		57ADB1B51C9F4CC3001E0766 /* SettingsLabels.swift in Sources */ = {isa = PBXBuildFile; fileRef = 57ADB1B41C9F4CC3001E0766 /* SettingsLabels.swift */; };
		57ADB1B71C9F4DE3001E0766 /* Open Sans.ttf in Resources */ = {isa = PBXBuildFile; fileRef = 57ADB1B61C9F4DE3001E0766 /* Open Sans.ttf */; };
		57AF2CA51C97578600C5A193 /* ShareViewController.swift in Sources */ = {isa = PBXBuildFile; fileRef = 57AF2CA41C97578600C5A193 /* ShareViewController.swift */; };
		57AF2CA81C97578600C5A193 /* MainInterface.storyboard in Resources */ = {isa = PBXBuildFile; fileRef = 57AF2CA61C97578600C5A193 /* MainInterface.storyboard */; };
		57AF2CAC1C97578600C5A193 /* ShareUpload.appex in Embed App Extensions */ = {isa = PBXBuildFile; fileRef = 57AF2CA21C97578600C5A193 /* ShareUpload.appex */; settings = {ATTRIBUTES = (RemoveHeadersOnCopy, ); }; };
		57AF96961C8B4C3700E924C3 /* LaunchScreen.storyboard in Resources */ = {isa = PBXBuildFile; fileRef = 57AF96951C8B4C3700E924C3 /* LaunchScreen.storyboard */; };
		57AF96981C8B524800E924C3 /* Document.swift in Sources */ = {isa = PBXBuildFile; fileRef = 57AF96971C8B524800E924C3 /* Document.swift */; };
		57AF969A1C8B53FC00E924C3 /* Transport.swift in Sources */ = {isa = PBXBuildFile; fileRef = 57AF96991C8B53FC00E924C3 /* Transport.swift */; };
		57AF969C1C8B571D00E924C3 /* DocsService.swift in Sources */ = {isa = PBXBuildFile; fileRef = 57AF969B1C8B571D00E924C3 /* DocsService.swift */; };
		57AF969F1C8B5C9800E924C3 /* Parser.swift in Sources */ = {isa = PBXBuildFile; fileRef = 57AF969E1C8B5C9800E924C3 /* Parser.swift */; };
		57AF96A11C8B5CB000E924C3 /* DocsParser.swift in Sources */ = {isa = PBXBuildFile; fileRef = 57AF96A01C8B5CB000E924C3 /* DocsParser.swift */; };
		57E204271C9C8C7B009B3033 /* AuthViewController.swift in Sources */ = {isa = PBXBuildFile; fileRef = 57E204171C9C8C7B009B3033 /* AuthViewController.swift */; };
		57E204281C9C8C7B009B3033 /* AuthWebViewController.swift in Sources */ = {isa = PBXBuildFile; fileRef = 57E204181C9C8C7B009B3033 /* AuthWebViewController.swift */; };
		57E204291C9C8C7B009B3033 /* NavigationController.swift in Sources */ = {isa = PBXBuildFile; fileRef = 57E2041A1C9C8C7B009B3033 /* NavigationController.swift */; };
		57E2042A1C9C8C7B009B3033 /* TabBarController.swift in Sources */ = {isa = PBXBuildFile; fileRef = 57E2041B1C9C8C7B009B3033 /* TabBarController.swift */; };
		57E2042B1C9C8C7B009B3033 /* View.swift in Sources */ = {isa = PBXBuildFile; fileRef = 57E2041C1C9C8C7B009B3033 /* View.swift */; };
		57E2042C1C9C8C7B009B3033 /* ViewController.swift in Sources */ = {isa = PBXBuildFile; fileRef = 57E2041D1C9C8C7B009B3033 /* ViewController.swift */; };
		57E2042D1C9C8C7B009B3033 /* DocumentPreviewViewController.swift in Sources */ = {isa = PBXBuildFile; fileRef = 57E2041F1C9C8C7B009B3033 /* DocumentPreviewViewController.swift */; };
		57E2042E1C9C8C7B009B3033 /* SearchDataSource.swift in Sources */ = {isa = PBXBuildFile; fileRef = 57E204201C9C8C7B009B3033 /* SearchDataSource.swift */; };
		57E2042F1C9C8C7B009B3033 /* UserDocsTableViewCell.swift in Sources */ = {isa = PBXBuildFile; fileRef = 57E204211C9C8C7B009B3033 /* UserDocsTableViewCell.swift */; };
		57E204301C9C8C7B009B3033 /* UserDocsViewController.swift in Sources */ = {isa = PBXBuildFile; fileRef = 57E204221C9C8C7B009B3033 /* UserDocsViewController.swift */; };
		57E204311C9C8C7B009B3033 /* UserDocsDataSource.swift in Sources */ = {isa = PBXBuildFile; fileRef = 57E204231C9C8C7B009B3033 /* UserDocsDataSource.swift */; };
		57E204321C9C8C7B009B3033 /* Main.storyboard in Resources */ = {isa = PBXBuildFile; fileRef = 57E204241C9C8C7B009B3033 /* Main.storyboard */; };
		57E204331C9C8C7B009B3033 /* SettingsViewController.swift in Sources */ = {isa = PBXBuildFile; fileRef = 57E204261C9C8C7B009B3033 /* SettingsViewController.swift */; };
		57E204351C9C8EF8009B3033 /* CreateFolderViewController.swift in Sources */ = {isa = PBXBuildFile; fileRef = 57E204341C9C8EF8009B3033 /* CreateFolderViewController.swift */; };
		57E204371C9C9431009B3033 /* UITableViewDataSource+Refresh.swift in Sources */ = {isa = PBXBuildFile; fileRef = 57E204361C9C9431009B3033 /* UITableViewDataSource+Refresh.swift */; };
		57E204391C9C9818009B3033 /* FolderCell.swift in Sources */ = {isa = PBXBuildFile; fileRef = 57E204381C9C9818009B3033 /* FolderCell.swift */; };
		8FEBB0456EC5586BE2BDFC30 /* Pods_VKDocReader.framework in Frameworks */ = {isa = PBXBuildFile; fileRef = CEB8F83F2C0DE4A927EC806B /* Pods_VKDocReader.framework */; };
/* End PBXBuildFile section */

/* Begin PBXContainerItemProxy section */
		578257D11C8AFA6F003C3568 /* PBXContainerItemProxy */ = {
			isa = PBXContainerItemProxy;
			containerPortal = 578257B41C8AFA6F003C3568 /* Project object */;
			proxyType = 1;
			remoteGlobalIDString = 578257BB1C8AFA6F003C3568;
			remoteInfo = VKDocReader;
		};
		578257DC1C8AFA6F003C3568 /* PBXContainerItemProxy */ = {
			isa = PBXContainerItemProxy;
			containerPortal = 578257B41C8AFA6F003C3568 /* Project object */;
			proxyType = 1;
			remoteGlobalIDString = 578257BB1C8AFA6F003C3568;
			remoteInfo = VKDocReader;
		};
		57AF2CAA1C97578600C5A193 /* PBXContainerItemProxy */ = {
			isa = PBXContainerItemProxy;
			containerPortal = 578257B41C8AFA6F003C3568 /* Project object */;
			proxyType = 1;
			remoteGlobalIDString = 57AF2CA11C97578600C5A193;
			remoteInfo = ShareExtension;
		};
/* End PBXContainerItemProxy section */

/* Begin PBXCopyFilesBuildPhase section */
		57AF2CB01C97578600C5A193 /* Embed App Extensions */ = {
			isa = PBXCopyFilesBuildPhase;
			buildActionMask = 2147483647;
			dstPath = "";
			dstSubfolderSpec = 13;
			files = (
				57AF2CAC1C97578600C5A193 /* ShareUpload.appex in Embed App Extensions */,
			);
			name = "Embed App Extensions";
			runOnlyForDeploymentPostprocessing = 0;
		};
/* End PBXCopyFilesBuildPhase section */

/* Begin PBXFileReference section */
		07C163E77DAE8C9B3CBAAAF9 /* Pods-VKDocReader.debug.xcconfig */ = {isa = PBXFileReference; includeInIndex = 1; lastKnownFileType = text.xcconfig; name = "Pods-VKDocReader.debug.xcconfig"; path = "Pods/Target Support Files/Pods-VKDocReader/Pods-VKDocReader.debug.xcconfig"; sourceTree = "<group>"; };
		5703FA4E1C9CC5A000C84F60 /* UserDocsTableViewCell.xib */ = {isa = PBXFileReference; fileEncoding = 4; lastKnownFileType = file.xib; path = UserDocsTableViewCell.xib; sourceTree = "<group>"; };
		5703FA501C9D9A6C00C84F60 /* FolderDataSource.swift */ = {isa = PBXFileReference; fileEncoding = 4; lastKnownFileType = sourcecode.swift; path = FolderDataSource.swift; sourceTree = "<group>"; };
		5703FA521C9DDDFD00C84F60 /* DocumentsPickerNavBarOverlay.xib */ = {isa = PBXFileReference; fileEncoding = 4; lastKnownFileType = file.xib; path = DocumentsPickerNavBarOverlay.xib; sourceTree = "<group>"; };
		5703FA541C9DDF2B00C84F60 /* DocumentsPickerNavBarOverlay.swift */ = {isa = PBXFileReference; fileEncoding = 4; lastKnownFileType = sourcecode.swift; path = DocumentsPickerNavBarOverlay.swift; sourceTree = "<group>"; };
		5715AE7D1C8B863F0074C59F /* ImageService.swift */ = {isa = PBXFileReference; fileEncoding = 4; lastKnownFileType = sourcecode.swift; path = ImageService.swift; sourceTree = "<group>"; };
		5715AE801C8BB5560074C59F /* Dispatch.swift */ = {isa = PBXFileReference; fileEncoding = 4; lastKnownFileType = sourcecode.swift; name = Dispatch.swift; path = Helpers/Dispatch.swift; sourceTree = "<group>"; };
		575980F31C8F47DF009A9460 /* DocsParameterBuilder.swift */ = {isa = PBXFileReference; fileEncoding = 4; lastKnownFileType = sourcecode.swift; name = DocsParameterBuilder.swift; path = ParameterBuilders/DocsParameterBuilder.swift; sourceTree = "<group>"; };
		57687F851C8F32EE0037AF4F /* Bash.swift */ = {isa = PBXFileReference; fileEncoding = 4; lastKnownFileType = sourcecode.swift; name = Bash.swift; path = Helpers/Bash.swift; sourceTree = "<group>"; };
		5775CE931C98CE3F00D2C113 /* Reachability.swift */ = {isa = PBXFileReference; fileEncoding = 4; lastKnownFileType = sourcecode.swift; name = Reachability.swift; path = ThirdParty/Reachability.swift; sourceTree = "<group>"; };
		578257BC1C8AFA6F003C3568 /* VKDocReader.app */ = {isa = PBXFileReference; explicitFileType = wrapper.application; includeInIndex = 0; path = VKDocReader.app; sourceTree = BUILT_PRODUCTS_DIR; };
		578257D01C8AFA6F003C3568 /* VKDocReaderTests.xctest */ = {isa = PBXFileReference; explicitFileType = wrapper.cfbundle; includeInIndex = 0; path = VKDocReaderTests.xctest; sourceTree = BUILT_PRODUCTS_DIR; };
		578257D41C8AFA6F003C3568 /* VKDocReaderTests.swift */ = {isa = PBXFileReference; lastKnownFileType = sourcecode.swift; path = VKDocReaderTests.swift; sourceTree = "<group>"; };
		578257D61C8AFA6F003C3568 /* Info.plist */ = {isa = PBXFileReference; lastKnownFileType = text.plist.xml; path = Info.plist; sourceTree = "<group>"; };
		578257DB1C8AFA6F003C3568 /* VKDocReaderUITests.xctest */ = {isa = PBXFileReference; explicitFileType = wrapper.cfbundle; includeInIndex = 0; path = VKDocReaderUITests.xctest; sourceTree = BUILT_PRODUCTS_DIR; };
		578257DF1C8AFA6F003C3568 /* VKDocReaderUITests.swift */ = {isa = PBXFileReference; lastKnownFileType = sourcecode.swift; path = VKDocReaderUITests.swift; sourceTree = "<group>"; };
		578257E11C8AFA6F003C3568 /* Info.plist */ = {isa = PBXFileReference; lastKnownFileType = text.plist.xml; path = Info.plist; sourceTree = "<group>"; };
		578257EF1C8B173B003C3568 /* AppDelegate.swift */ = {isa = PBXFileReference; fileEncoding = 4; lastKnownFileType = sourcecode.swift; path = AppDelegate.swift; sourceTree = "<group>"; };
		578257F81C8B173B003C3568 /* Info.plist */ = {isa = PBXFileReference; fileEncoding = 4; lastKnownFileType = text.plist.xml; path = Info.plist; sourceTree = "<group>"; };
		578257FA1C8B173B003C3568 /* Assets.xcassets */ = {isa = PBXFileReference; lastKnownFileType = folder.assetcatalog; path = Assets.xcassets; sourceTree = "<group>"; };
		578258021C8B18FF003C3568 /* ServiceLayer.swift */ = {isa = PBXFileReference; fileEncoding = 4; lastKnownFileType = sourcecode.swift; path = ServiceLayer.swift; sourceTree = "<group>"; };
		578258041C8B1959003C3568 /* Service.swift */ = {isa = PBXFileReference; fileEncoding = 4; lastKnownFileType = sourcecode.swift; path = Service.swift; sourceTree = "<group>"; };
		578258061C8B1973003C3568 /* AuthService.swift */ = {isa = PBXFileReference; fileEncoding = 4; lastKnownFileType = sourcecode.swift; path = AuthService.swift; sourceTree = "<group>"; };
		5782580C1C8B1A5B003C3568 /* Const.swift */ = {isa = PBXFileReference; fileEncoding = 4; lastKnownFileType = sourcecode.swift; path = Const.swift; sourceTree = "<group>"; };
		5782580E1C8B278D003C3568 /* UserSettingsSerivce.swift */ = {isa = PBXFileReference; fileEncoding = 4; lastKnownFileType = sourcecode.swift; path = UserSettingsSerivce.swift; sourceTree = "<group>"; };
		5795DD5D1C8C9D750008DFA1 /* DateFormatter.swift */ = {isa = PBXFileReference; fileEncoding = 4; lastKnownFileType = sourcecode.swift; name = DateFormatter.swift; path = Helpers/DateFormatter.swift; sourceTree = "<group>"; };
		5795DD5F1C8C9D8F0008DFA1 /* Error.swift */ = {isa = PBXFileReference; fileEncoding = 4; lastKnownFileType = sourcecode.swift; name = Error.swift; path = Helpers/Error.swift; sourceTree = "<group>"; };
		5795DD611C8CC9450008DFA1 /* UserService.swift */ = {isa = PBXFileReference; fileEncoding = 4; lastKnownFileType = sourcecode.swift; path = UserService.swift; sourceTree = "<group>"; };
		5795DD631C8CCA280008DFA1 /* User.swift */ = {isa = PBXFileReference; fileEncoding = 4; lastKnownFileType = sourcecode.swift; path = User.swift; sourceTree = "<group>"; };
		5795DD651C8CCAAC0008DFA1 /* UserParser.swift */ = {isa = PBXFileReference; fileEncoding = 4; lastKnownFileType = sourcecode.swift; name = UserParser.swift; path = Parser/UserParser.swift; sourceTree = "<group>"; };
		57ADB19D1C9DF25E001E0766 /* DocumentsPickerTabBarOverlay.xib */ = {isa = PBXFileReference; fileEncoding = 4; lastKnownFileType = file.xib; path = DocumentsPickerTabBarOverlay.xib; sourceTree = "<group>"; };
		57ADB19F1C9DF265001E0766 /* DocumentsPickerTabBarOverlay.swift */ = {isa = PBXFileReference; fileEncoding = 4; lastKnownFileType = sourcecode.swift; path = DocumentsPickerTabBarOverlay.swift; sourceTree = "<group>"; };
		57ADB1A11C9EC47A001E0766 /* MoveCopyViewController.swift */ = {isa = PBXFileReference; fileEncoding = 4; lastKnownFileType = sourcecode.swift; path = MoveCopyViewController.swift; sourceTree = "<group>"; };
		57ADB1A31C9F0496001E0766 /* Window.swift */ = {isa = PBXFileReference; fileEncoding = 4; lastKnownFileType = sourcecode.swift; path = Window.swift; sourceTree = "<group>"; };
		57ADB1A51C9F215E001E0766 /* ToastManager.swift */ = {isa = PBXFileReference; fileEncoding = 4; lastKnownFileType = sourcecode.swift; path = ToastManager.swift; sourceTree = "<group>"; };
		57ADB1AA1C9F3063001E0766 /* Lucida Grande.ttf */ = {isa = PBXFileReference; lastKnownFileType = file; path = "Lucida Grande.ttf"; sourceTree = "<group>"; };
		57ADB1AF1C9F3B5D001E0766 /* UIColors+VKColors.swift */ = {isa = PBXFileReference; fileEncoding = 4; lastKnownFileType = sourcecode.swift; path = "UIColors+VKColors.swift"; sourceTree = "<group>"; };
		57ADB1B11C9F3F21001E0766 /* UIFont+VKFont.swift */ = {isa = PBXFileReference; fileEncoding = 4; lastKnownFileType = sourcecode.swift; path = "UIFont+VKFont.swift"; sourceTree = "<group>"; };
		57ADB1B41C9F4CC3001E0766 /* SettingsLabels.swift */ = {isa = PBXFileReference; fileEncoding = 4; lastKnownFileType = sourcecode.swift; path = SettingsLabels.swift; sourceTree = "<group>"; };
		57ADB1B61C9F4DE3001E0766 /* Open Sans.ttf */ = {isa = PBXFileReference; lastKnownFileType = file; path = "Open Sans.ttf"; sourceTree = "<group>"; };
		57AF2CA21C97578600C5A193 /* ShareUpload.appex */ = {isa = PBXFileReference; explicitFileType = "wrapper.app-extension"; includeInIndex = 0; path = ShareUpload.appex; sourceTree = BUILT_PRODUCTS_DIR; };
		57AF2CA41C97578600C5A193 /* ShareViewController.swift */ = {isa = PBXFileReference; lastKnownFileType = sourcecode.swift; path = ShareViewController.swift; sourceTree = "<group>"; };
		57AF2CA71C97578600C5A193 /* Base */ = {isa = PBXFileReference; lastKnownFileType = file.storyboard; name = Base; path = Base.lproj/MainInterface.storyboard; sourceTree = "<group>"; };
		57AF2CA91C97578600C5A193 /* Info.plist */ = {isa = PBXFileReference; lastKnownFileType = text.plist.xml; path = Info.plist; sourceTree = "<group>"; };
		57AF2CB11C97584800C5A193 /* VKDocReader.entitlements */ = {isa = PBXFileReference; lastKnownFileType = text.xml; path = VKDocReader.entitlements; sourceTree = "<group>"; };
		57AF96951C8B4C3700E924C3 /* LaunchScreen.storyboard */ = {isa = PBXFileReference; fileEncoding = 4; lastKnownFileType = file.storyboard; path = LaunchScreen.storyboard; sourceTree = "<group>"; };
		57AF96971C8B524800E924C3 /* Document.swift */ = {isa = PBXFileReference; fileEncoding = 4; lastKnownFileType = sourcecode.swift; path = Document.swift; sourceTree = "<group>"; };
		57AF96991C8B53FC00E924C3 /* Transport.swift */ = {isa = PBXFileReference; fileEncoding = 4; lastKnownFileType = sourcecode.swift; path = Transport.swift; sourceTree = "<group>"; };
		57AF969B1C8B571D00E924C3 /* DocsService.swift */ = {isa = PBXFileReference; fileEncoding = 4; lastKnownFileType = sourcecode.swift; path = DocsService.swift; sourceTree = "<group>"; };
		57AF969E1C8B5C9800E924C3 /* Parser.swift */ = {isa = PBXFileReference; fileEncoding = 4; lastKnownFileType = sourcecode.swift; name = Parser.swift; path = Parser/Parser.swift; sourceTree = "<group>"; };
		57AF96A01C8B5CB000E924C3 /* DocsParser.swift */ = {isa = PBXFileReference; fileEncoding = 4; lastKnownFileType = sourcecode.swift; name = DocsParser.swift; path = Parser/DocsParser.swift; sourceTree = "<group>"; };
		57E204171C9C8C7B009B3033 /* AuthViewController.swift */ = {isa = PBXFileReference; fileEncoding = 4; lastKnownFileType = sourcecode.swift; path = AuthViewController.swift; sourceTree = "<group>"; };
		57E204181C9C8C7B009B3033 /* AuthWebViewController.swift */ = {isa = PBXFileReference; fileEncoding = 4; lastKnownFileType = sourcecode.swift; path = AuthWebViewController.swift; sourceTree = "<group>"; };
		57E2041A1C9C8C7B009B3033 /* NavigationController.swift */ = {isa = PBXFileReference; fileEncoding = 4; lastKnownFileType = sourcecode.swift; path = NavigationController.swift; sourceTree = "<group>"; };
		57E2041B1C9C8C7B009B3033 /* TabBarController.swift */ = {isa = PBXFileReference; fileEncoding = 4; lastKnownFileType = sourcecode.swift; path = TabBarController.swift; sourceTree = "<group>"; };
		57E2041C1C9C8C7B009B3033 /* View.swift */ = {isa = PBXFileReference; fileEncoding = 4; lastKnownFileType = sourcecode.swift; path = View.swift; sourceTree = "<group>"; };
		57E2041D1C9C8C7B009B3033 /* ViewController.swift */ = {isa = PBXFileReference; fileEncoding = 4; lastKnownFileType = sourcecode.swift; path = ViewController.swift; sourceTree = "<group>"; };
		57E2041F1C9C8C7B009B3033 /* DocumentPreviewViewController.swift */ = {isa = PBXFileReference; fileEncoding = 4; lastKnownFileType = sourcecode.swift; path = DocumentPreviewViewController.swift; sourceTree = "<group>"; };
		57E204201C9C8C7B009B3033 /* SearchDataSource.swift */ = {isa = PBXFileReference; fileEncoding = 4; lastKnownFileType = sourcecode.swift; path = SearchDataSource.swift; sourceTree = "<group>"; };
		57E204211C9C8C7B009B3033 /* UserDocsTableViewCell.swift */ = {isa = PBXFileReference; fileEncoding = 4; lastKnownFileType = sourcecode.swift; path = UserDocsTableViewCell.swift; sourceTree = "<group>"; };
		57E204221C9C8C7B009B3033 /* UserDocsViewController.swift */ = {isa = PBXFileReference; fileEncoding = 4; lastKnownFileType = sourcecode.swift; path = UserDocsViewController.swift; sourceTree = "<group>"; };
		57E204231C9C8C7B009B3033 /* UserDocsDataSource.swift */ = {isa = PBXFileReference; fileEncoding = 4; lastKnownFileType = sourcecode.swift; path = UserDocsDataSource.swift; sourceTree = "<group>"; };
		57E204241C9C8C7B009B3033 /* Main.storyboard */ = {isa = PBXFileReference; fileEncoding = 4; lastKnownFileType = file.storyboard; path = Main.storyboard; sourceTree = "<group>"; };
		57E204261C9C8C7B009B3033 /* SettingsViewController.swift */ = {isa = PBXFileReference; fileEncoding = 4; lastKnownFileType = sourcecode.swift; path = SettingsViewController.swift; sourceTree = "<group>"; };
		57E204341C9C8EF8009B3033 /* CreateFolderViewController.swift */ = {isa = PBXFileReference; fileEncoding = 4; lastKnownFileType = sourcecode.swift; path = CreateFolderViewController.swift; sourceTree = "<group>"; };
		57E204361C9C9431009B3033 /* UITableViewDataSource+Refresh.swift */ = {isa = PBXFileReference; fileEncoding = 4; lastKnownFileType = sourcecode.swift; path = "UITableViewDataSource+Refresh.swift"; sourceTree = "<group>"; };
		57E204381C9C9818009B3033 /* FolderCell.swift */ = {isa = PBXFileReference; fileEncoding = 4; lastKnownFileType = sourcecode.swift; path = FolderCell.swift; sourceTree = "<group>"; };
		CEB8F83F2C0DE4A927EC806B /* Pods_VKDocReader.framework */ = {isa = PBXFileReference; explicitFileType = wrapper.framework; includeInIndex = 0; path = Pods_VKDocReader.framework; sourceTree = BUILT_PRODUCTS_DIR; };
		FECA0E32A931B8D1DADCE151 /* Pods-VKDocReader.release.xcconfig */ = {isa = PBXFileReference; includeInIndex = 1; lastKnownFileType = text.xcconfig; name = "Pods-VKDocReader.release.xcconfig"; path = "Pods/Target Support Files/Pods-VKDocReader/Pods-VKDocReader.release.xcconfig"; sourceTree = "<group>"; };
/* End PBXFileReference section */

/* Begin PBXFrameworksBuildPhase section */
		578257B91C8AFA6F003C3568 /* Frameworks */ = {
			isa = PBXFrameworksBuildPhase;
			buildActionMask = 2147483647;
			files = (
				8FEBB0456EC5586BE2BDFC30 /* Pods_VKDocReader.framework in Frameworks */,
			);
			runOnlyForDeploymentPostprocessing = 0;
		};
		578257CD1C8AFA6F003C3568 /* Frameworks */ = {
			isa = PBXFrameworksBuildPhase;
			buildActionMask = 2147483647;
			files = (
			);
			runOnlyForDeploymentPostprocessing = 0;
		};
		578257D81C8AFA6F003C3568 /* Frameworks */ = {
			isa = PBXFrameworksBuildPhase;
			buildActionMask = 2147483647;
			files = (
			);
			runOnlyForDeploymentPostprocessing = 0;
		};
		57AF2C9F1C97578600C5A193 /* Frameworks */ = {
			isa = PBXFrameworksBuildPhase;
			buildActionMask = 2147483647;
			files = (
			);
			runOnlyForDeploymentPostprocessing = 0;
		};
/* End PBXFrameworksBuildPhase section */

/* Begin PBXGroup section */
		5715AE7F1C8BB54A0074C59F /* Helpers */ = {
			isa = PBXGroup;
			children = (
				5715AE801C8BB5560074C59F /* Dispatch.swift */,
				5795DD5F1C8C9D8F0008DFA1 /* Error.swift */,
				5795DD5D1C8C9D750008DFA1 /* DateFormatter.swift */,
				57687F851C8F32EE0037AF4F /* Bash.swift */,
			);
			name = Helpers;
			sourceTree = "<group>";
		};
		575980F21C8F47CB009A9460 /* ParameterBuilders */ = {
			isa = PBXGroup;
			children = (
				575980F31C8F47DF009A9460 /* DocsParameterBuilder.swift */,
			);
			name = ParameterBuilders;
			sourceTree = "<group>";
		};
		5775CE921C98CE1D00D2C113 /* ThirdParty */ = {
			isa = PBXGroup;
			children = (
				5775CE931C98CE3F00D2C113 /* Reachability.swift */,
			);
			name = ThirdParty;
			sourceTree = "<group>";
		};
		578257B31C8AFA6F003C3568 = {
			isa = PBXGroup;
			children = (
				578257ED1C8B173B003C3568 /* VKDocReader */,
				578257D31C8AFA6F003C3568 /* VKDocReaderTests */,
				578257DE1C8AFA6F003C3568 /* VKDocReaderUITests */,
				57AF2CA31C97578600C5A193 /* ShareExtension */,
				578257BD1C8AFA6F003C3568 /* Products */,
				C0CC6E6FA1CF04CC4EC87F82 /* Pods */,
				5775CE921C98CE1D00D2C113 /* ThirdParty */,
				A6853E1B165B4ED768EBD6E8 /* Frameworks */,
			);
			sourceTree = "<group>";
		};
		578257BD1C8AFA6F003C3568 /* Products */ = {
			isa = PBXGroup;
			children = (
				578257BC1C8AFA6F003C3568 /* VKDocReader.app */,
				578257D01C8AFA6F003C3568 /* VKDocReaderTests.xctest */,
				578257DB1C8AFA6F003C3568 /* VKDocReaderUITests.xctest */,
				57AF2CA21C97578600C5A193 /* ShareUpload.appex */,
			);
			name = Products;
			sourceTree = "<group>";
		};
		578257D31C8AFA6F003C3568 /* VKDocReaderTests */ = {
			isa = PBXGroup;
			children = (
				578257D41C8AFA6F003C3568 /* VKDocReaderTests.swift */,
				578257D61C8AFA6F003C3568 /* Info.plist */,
			);
			path = VKDocReaderTests;
			sourceTree = "<group>";
		};
		578257DE1C8AFA6F003C3568 /* VKDocReaderUITests */ = {
			isa = PBXGroup;
			children = (
				578257DF1C8AFA6F003C3568 /* VKDocReaderUITests.swift */,
				578257E11C8AFA6F003C3568 /* Info.plist */,
			);
			path = VKDocReaderUITests;
			sourceTree = "<group>";
		};
		578257ED1C8B173B003C3568 /* VKDocReader */ = {
			isa = PBXGroup;
			children = (
				57AF2CB11C97584800C5A193 /* VKDocReader.entitlements */,
				578257EE1C8B173B003C3568 /* Classes */,
				578257F71C8B173B003C3568 /* Other */,
				578257F91C8B173B003C3568 /* Resourses */,
			);
			path = VKDocReader;
			sourceTree = "<group>";
		};
		578257EE1C8B173B003C3568 /* Classes */ = {
			isa = PBXGroup;
			children = (
				578257EF1C8B173B003C3568 /* AppDelegate.swift */,
				5782580C1C8B1A5B003C3568 /* Const.swift */,
				578257F01C8B173B003C3568 /* Logic */,
				578257F31C8B173B003C3568 /* Model */,
				57E204151C9C8C7B009B3033 /* Presentation */,
			);
			path = Classes;
			sourceTree = "<group>";
		};
		578257F01C8B173B003C3568 /* Logic */ = {
			isa = PBXGroup;
			children = (
				575980F21C8F47CB009A9460 /* ParameterBuilders */,
				5715AE7F1C8BB54A0074C59F /* Helpers */,
				57AF969D1C8B5C8200E924C3 /* Parser */,
				578257F11C8B173B003C3568 /* Service */,
				578257F21C8B173B003C3568 /* Transport */,
				578258021C8B18FF003C3568 /* ServiceLayer.swift */,
			);
			path = Logic;
			sourceTree = "<group>";
		};
		578257F11C8B173B003C3568 /* Service */ = {
			isa = PBXGroup;
			children = (
				578258041C8B1959003C3568 /* Service.swift */,
				578258061C8B1973003C3568 /* AuthService.swift */,
				5782580E1C8B278D003C3568 /* UserSettingsSerivce.swift */,
				57AF969B1C8B571D00E924C3 /* DocsService.swift */,
				5715AE7D1C8B863F0074C59F /* ImageService.swift */,
				5795DD611C8CC9450008DFA1 /* UserService.swift */,
			);
			path = Service;
			sourceTree = "<group>";
		};
		578257F21C8B173B003C3568 /* Transport */ = {
			isa = PBXGroup;
			children = (
				57AF96991C8B53FC00E924C3 /* Transport.swift */,
			);
			path = Transport;
			sourceTree = "<group>";
		};
		578257F31C8B173B003C3568 /* Model */ = {
			isa = PBXGroup;
			children = (
				57AF96971C8B524800E924C3 /* Document.swift */,
				5795DD631C8CCA280008DFA1 /* User.swift */,
			);
			path = Model;
			sourceTree = "<group>";
		};
		578257F71C8B173B003C3568 /* Other */ = {
			isa = PBXGroup;
			children = (
				578257F81C8B173B003C3568 /* Info.plist */,
			);
			path = Other;
			sourceTree = "<group>";
		};
		578257F91C8B173B003C3568 /* Resourses */ = {
			isa = PBXGroup;
			children = (
				57ADB1AC1C9F3B4B001E0766 /* Colors */,
				57ADB1A91C9F3063001E0766 /* Fonts */,
				578257FA1C8B173B003C3568 /* Assets.xcassets */,
				57AF96951C8B4C3700E924C3 /* LaunchScreen.storyboard */,
			);
			path = Resourses;
			sourceTree = "<group>";
		};
		57ADB1A91C9F3063001E0766 /* Fonts */ = {
			isa = PBXGroup;
			children = (
				57ADB1B61C9F4DE3001E0766 /* Open Sans.ttf */,
				57ADB1AA1C9F3063001E0766 /* Lucida Grande.ttf */,
				57ADB1B11C9F3F21001E0766 /* UIFont+VKFont.swift */,
			);
			path = Fonts;
			sourceTree = "<group>";
		};
		57ADB1AC1C9F3B4B001E0766 /* Colors */ = {
			isa = PBXGroup;
			children = (
				57ADB1AF1C9F3B5D001E0766 /* UIColors+VKColors.swift */,
			);
			path = Colors;
			sourceTree = "<group>";
		};
		57ADB1B31C9F4C71001E0766 /* Labels */ = {
			isa = PBXGroup;
			children = (
				57ADB1B41C9F4CC3001E0766 /* SettingsLabels.swift */,
			);
			path = Labels;
			sourceTree = "<group>";
		};
		57AF2CA31C97578600C5A193 /* ShareExtension */ = {
			isa = PBXGroup;
			children = (
				57AF2CA41C97578600C5A193 /* ShareViewController.swift */,
				57AF2CA61C97578600C5A193 /* MainInterface.storyboard */,
				57AF2CA91C97578600C5A193 /* Info.plist */,
			);
			path = ShareExtension;
			sourceTree = "<group>";
		};
		57AF969D1C8B5C8200E924C3 /* Parser */ = {
			isa = PBXGroup;
			children = (
				57AF969E1C8B5C9800E924C3 /* Parser.swift */,
				57AF96A01C8B5CB000E924C3 /* DocsParser.swift */,
				5795DD651C8CCAAC0008DFA1 /* UserParser.swift */,
			);
			name = Parser;
			sourceTree = "<group>";
		};
		57E204151C9C8C7B009B3033 /* Presentation */ = {
			isa = PBXGroup;
			children = (
				57E204161C9C8C7B009B3033 /* Auth */,
				57E204191C9C8C7B009B3033 /* Common */,
				57E2041E1C9C8C7B009B3033 /* Documents */,
				57E204241C9C8C7B009B3033 /* Main.storyboard */,
				57E204251C9C8C7B009B3033 /* Settings */,
			);
			path = Presentation;
			sourceTree = "<group>";
		};
		57E204161C9C8C7B009B3033 /* Auth */ = {
			isa = PBXGroup;
			children = (
				57E204171C9C8C7B009B3033 /* AuthViewController.swift */,
				57E204181C9C8C7B009B3033 /* AuthWebViewController.swift */,
			);
			path = Auth;
			sourceTree = "<group>";
		};
		57E204191C9C8C7B009B3033 /* Common */ = {
			isa = PBXGroup;
			children = (
				57ADB1B31C9F4C71001E0766 /* Labels */,
				57E2041A1C9C8C7B009B3033 /* NavigationController.swift */,
				57E2041B1C9C8C7B009B3033 /* TabBarController.swift */,
				57E2041C1C9C8C7B009B3033 /* View.swift */,
				57E2041D1C9C8C7B009B3033 /* ViewController.swift */,
				57E204361C9C9431009B3033 /* UITableViewDataSource+Refresh.swift */,
				57ADB1A31C9F0496001E0766 /* Window.swift */,
				57ADB1A51C9F215E001E0766 /* ToastManager.swift */,
			);
			path = Common;
			sourceTree = "<group>";
		};
		57E2041E1C9C8C7B009B3033 /* Documents */ = {
			isa = PBXGroup;
			children = (
				57E2041F1C9C8C7B009B3033 /* DocumentPreviewViewController.swift */,
				57E204201C9C8C7B009B3033 /* SearchDataSource.swift */,
				57E204211C9C8C7B009B3033 /* UserDocsTableViewCell.swift */,
				57E204221C9C8C7B009B3033 /* UserDocsViewController.swift */,
				57E204231C9C8C7B009B3033 /* UserDocsDataSource.swift */,
				57E204341C9C8EF8009B3033 /* CreateFolderViewController.swift */,
				57E204381C9C9818009B3033 /* FolderCell.swift */,
				5703FA4E1C9CC5A000C84F60 /* UserDocsTableViewCell.xib */,
				5703FA501C9D9A6C00C84F60 /* FolderDataSource.swift */,
				5703FA521C9DDDFD00C84F60 /* DocumentsPickerNavBarOverlay.xib */,
				5703FA541C9DDF2B00C84F60 /* DocumentsPickerNavBarOverlay.swift */,
				57ADB19D1C9DF25E001E0766 /* DocumentsPickerTabBarOverlay.xib */,
				57ADB19F1C9DF265001E0766 /* DocumentsPickerTabBarOverlay.swift */,
				57ADB1A11C9EC47A001E0766 /* MoveCopyViewController.swift */,
			);
			path = Documents;
			sourceTree = "<group>";
		};
		57E204251C9C8C7B009B3033 /* Settings */ = {
			isa = PBXGroup;
			children = (
				57E204261C9C8C7B009B3033 /* SettingsViewController.swift */,
			);
			path = Settings;
			sourceTree = "<group>";
		};
		A6853E1B165B4ED768EBD6E8 /* Frameworks */ = {
			isa = PBXGroup;
			children = (
				CEB8F83F2C0DE4A927EC806B /* Pods_VKDocReader.framework */,
			);
			name = Frameworks;
			sourceTree = "<group>";
		};
		C0CC6E6FA1CF04CC4EC87F82 /* Pods */ = {
			isa = PBXGroup;
			children = (
				07C163E77DAE8C9B3CBAAAF9 /* Pods-VKDocReader.debug.xcconfig */,
				FECA0E32A931B8D1DADCE151 /* Pods-VKDocReader.release.xcconfig */,
			);
			name = Pods;
			sourceTree = "<group>";
		};
/* End PBXGroup section */

/* Begin PBXNativeTarget section */
		578257BB1C8AFA6F003C3568 /* VKDocReader */ = {
			isa = PBXNativeTarget;
			buildConfigurationList = 578257E41C8AFA6F003C3568 /* Build configuration list for PBXNativeTarget "VKDocReader" */;
			buildPhases = (
				D2B07AEDDA8857D158EF59AC /* Check Pods Manifest.lock */,
				578257B81C8AFA6F003C3568 /* Sources */,
				578257B91C8AFA6F003C3568 /* Frameworks */,
				578257BA1C8AFA6F003C3568 /* Resources */,
				3CB6EBB3422A33E5D675C771 /* Embed Pods Frameworks */,
				9FBF5330EFEEA31D342EC31E /* Copy Pods Resources */,
				57AF2CB01C97578600C5A193 /* Embed App Extensions */,
			);
			buildRules = (
			);
			dependencies = (
				57AF2CAB1C97578600C5A193 /* PBXTargetDependency */,
			);
			name = VKDocReader;
			productName = VKDocReader;
			productReference = 578257BC1C8AFA6F003C3568 /* VKDocReader.app */;
			productType = "com.apple.product-type.application";
		};
		578257CF1C8AFA6F003C3568 /* VKDocReaderTests */ = {
			isa = PBXNativeTarget;
			buildConfigurationList = 578257E71C8AFA6F003C3568 /* Build configuration list for PBXNativeTarget "VKDocReaderTests" */;
			buildPhases = (
				578257CC1C8AFA6F003C3568 /* Sources */,
				578257CD1C8AFA6F003C3568 /* Frameworks */,
				578257CE1C8AFA6F003C3568 /* Resources */,
			);
			buildRules = (
			);
			dependencies = (
				578257D21C8AFA6F003C3568 /* PBXTargetDependency */,
			);
			name = VKDocReaderTests;
			productName = VKDocReaderTests;
			productReference = 578257D01C8AFA6F003C3568 /* VKDocReaderTests.xctest */;
			productType = "com.apple.product-type.bundle.unit-test";
		};
		578257DA1C8AFA6F003C3568 /* VKDocReaderUITests */ = {
			isa = PBXNativeTarget;
			buildConfigurationList = 578257EA1C8AFA6F003C3568 /* Build configuration list for PBXNativeTarget "VKDocReaderUITests" */;
			buildPhases = (
				578257D71C8AFA6F003C3568 /* Sources */,
				578257D81C8AFA6F003C3568 /* Frameworks */,
				578257D91C8AFA6F003C3568 /* Resources */,
			);
			buildRules = (
			);
			dependencies = (
				578257DD1C8AFA6F003C3568 /* PBXTargetDependency */,
			);
			name = VKDocReaderUITests;
			productName = VKDocReaderUITests;
			productReference = 578257DB1C8AFA6F003C3568 /* VKDocReaderUITests.xctest */;
			productType = "com.apple.product-type.bundle.ui-testing";
		};
		57AF2CA11C97578600C5A193 /* ShareUpload */ = {
			isa = PBXNativeTarget;
			buildConfigurationList = 57AF2CAD1C97578600C5A193 /* Build configuration list for PBXNativeTarget "ShareUpload" */;
			buildPhases = (
				57AF2C9E1C97578600C5A193 /* Sources */,
				57AF2C9F1C97578600C5A193 /* Frameworks */,
				57AF2CA01C97578600C5A193 /* Resources */,
			);
			buildRules = (
			);
			dependencies = (
			);
			name = ShareUpload;
			productName = ShareExtension;
			productReference = 57AF2CA21C97578600C5A193 /* ShareUpload.appex */;
			productType = "com.apple.product-type.app-extension";
		};
/* End PBXNativeTarget section */

/* Begin PBXProject section */
		578257B41C8AFA6F003C3568 /* Project object */ = {
			isa = PBXProject;
			attributes = {
				LastSwiftUpdateCheck = 0720;
				LastUpgradeCheck = 0720;
				ORGANIZATIONNAME = "Yaroslav Ryabukha";
				TargetAttributes = {
					578257BB1C8AFA6F003C3568 = {
						CreatedOnToolsVersion = 7.2.1;
						DevelopmentTeam = SH46XG936M;
						SystemCapabilities = {
							com.apple.ApplicationGroups.iOS = {
								enabled = 1;
							};
							com.apple.BackgroundModes = {
								enabled = 0;
							};
							com.apple.Maps.iOS = {
								enabled = 0;
							};
						};
					};
					578257CF1C8AFA6F003C3568 = {
						CreatedOnToolsVersion = 7.2.1;
						TestTargetID = 578257BB1C8AFA6F003C3568;
					};
					578257DA1C8AFA6F003C3568 = {
						CreatedOnToolsVersion = 7.2.1;
						TestTargetID = 578257BB1C8AFA6F003C3568;
					};
					57AF2CA11C97578600C5A193 = {
						CreatedOnToolsVersion = 7.2.1;
					};
				};
			};
			buildConfigurationList = 578257B71C8AFA6F003C3568 /* Build configuration list for PBXProject "VKDocReader" */;
			compatibilityVersion = "Xcode 3.2";
			developmentRegion = English;
			hasScannedForEncodings = 0;
			knownRegions = (
				en,
				Base,
			);
			mainGroup = 578257B31C8AFA6F003C3568;
			productRefGroup = 578257BD1C8AFA6F003C3568 /* Products */;
			projectDirPath = "";
			projectRoot = "";
			targets = (
				578257BB1C8AFA6F003C3568 /* VKDocReader */,
				578257CF1C8AFA6F003C3568 /* VKDocReaderTests */,
				578257DA1C8AFA6F003C3568 /* VKDocReaderUITests */,
				57AF2CA11C97578600C5A193 /* ShareUpload */,
			);
		};
/* End PBXProject section */

/* Begin PBXResourcesBuildPhase section */
		578257BA1C8AFA6F003C3568 /* Resources */ = {
			isa = PBXResourcesBuildPhase;
			buildActionMask = 2147483647;
			files = (
				57ADB1B71C9F4DE3001E0766 /* Open Sans.ttf in Resources */,
				5703FA531C9DDDFD00C84F60 /* DocumentsPickerNavBarOverlay.xib in Resources */,
				57E204321C9C8C7B009B3033 /* Main.storyboard in Resources */,
				57ADB1AB1C9F3063001E0766 /* Lucida Grande.ttf in Resources */,
				57ADB19E1C9DF25E001E0766 /* DocumentsPickerTabBarOverlay.xib in Resources */,
				5703FA4F1C9CC5A000C84F60 /* UserDocsTableViewCell.xib in Resources */,
				57AF96961C8B4C3700E924C3 /* LaunchScreen.storyboard in Resources */,
				578258001C8B173B003C3568 /* Assets.xcassets in Resources */,
			);
			runOnlyForDeploymentPostprocessing = 0;
		};
		578257CE1C8AFA6F003C3568 /* Resources */ = {
			isa = PBXResourcesBuildPhase;
			buildActionMask = 2147483647;
			files = (
			);
			runOnlyForDeploymentPostprocessing = 0;
		};
		578257D91C8AFA6F003C3568 /* Resources */ = {
			isa = PBXResourcesBuildPhase;
			buildActionMask = 2147483647;
			files = (
			);
			runOnlyForDeploymentPostprocessing = 0;
		};
		57AF2CA01C97578600C5A193 /* Resources */ = {
			isa = PBXResourcesBuildPhase;
			buildActionMask = 2147483647;
			files = (
				57AF2CA81C97578600C5A193 /* MainInterface.storyboard in Resources */,
			);
			runOnlyForDeploymentPostprocessing = 0;
		};
/* End PBXResourcesBuildPhase section */

/* Begin PBXShellScriptBuildPhase section */
		3CB6EBB3422A33E5D675C771 /* Embed Pods Frameworks */ = {
			isa = PBXShellScriptBuildPhase;
			buildActionMask = 2147483647;
			files = (
			);
			inputPaths = (
			);
			name = "Embed Pods Frameworks";
			outputPaths = (
			);
			runOnlyForDeploymentPostprocessing = 0;
			shellPath = /bin/sh;
			shellScript = "\"${SRCROOT}/Pods/Target Support Files/Pods-VKDocReader/Pods-VKDocReader-frameworks.sh\"\n";
			showEnvVarsInLog = 0;
		};
		9FBF5330EFEEA31D342EC31E /* Copy Pods Resources */ = {
			isa = PBXShellScriptBuildPhase;
			buildActionMask = 2147483647;
			files = (
			);
			inputPaths = (
			);
			name = "Copy Pods Resources";
			outputPaths = (
			);
			runOnlyForDeploymentPostprocessing = 0;
			shellPath = /bin/sh;
			shellScript = "\"${SRCROOT}/Pods/Target Support Files/Pods-VKDocReader/Pods-VKDocReader-resources.sh\"\n";
			showEnvVarsInLog = 0;
		};
		D2B07AEDDA8857D158EF59AC /* Check Pods Manifest.lock */ = {
			isa = PBXShellScriptBuildPhase;
			buildActionMask = 2147483647;
			files = (
			);
			inputPaths = (
			);
			name = "Check Pods Manifest.lock";
			outputPaths = (
			);
			runOnlyForDeploymentPostprocessing = 0;
			shellPath = /bin/sh;
			shellScript = "diff \"${PODS_ROOT}/../Podfile.lock\" \"${PODS_ROOT}/Manifest.lock\" > /dev/null\nif [[ $? != 0 ]] ; then\n    cat << EOM\nerror: The sandbox is not in sync with the Podfile.lock. Run 'pod install' or update your CocoaPods installation.\nEOM\n    exit 1\nfi\n";
			showEnvVarsInLog = 0;
		};
/* End PBXShellScriptBuildPhase section */

/* Begin PBXSourcesBuildPhase section */
		578257B81C8AFA6F003C3568 /* Sources */ = {
			isa = PBXSourcesBuildPhase;
			buildActionMask = 2147483647;
			files = (
				57E204351C9C8EF8009B3033 /* CreateFolderViewController.swift in Sources */,
				57E2042B1C9C8C7B009B3033 /* View.swift in Sources */,
				57E204371C9C9431009B3033 /* UITableViewDataSource+Refresh.swift in Sources */,
				57E2042F1C9C8C7B009B3033 /* UserDocsTableViewCell.swift in Sources */,
				57E204331C9C8C7B009B3033 /* SettingsViewController.swift in Sources */,
				57E204271C9C8C7B009B3033 /* AuthViewController.swift in Sources */,
				57E204301C9C8C7B009B3033 /* UserDocsViewController.swift in Sources */,
				57E2042E1C9C8C7B009B3033 /* SearchDataSource.swift in Sources */,
				57E204291C9C8C7B009B3033 /* NavigationController.swift in Sources */,
				575980F41C8F47DF009A9460 /* DocsParameterBuilder.swift in Sources */,
				5795DD661C8CCAAC0008DFA1 /* UserParser.swift in Sources */,
				57E204391C9C9818009B3033 /* FolderCell.swift in Sources */,
				5795DD641C8CCA280008DFA1 /* User.swift in Sources */,
				578258051C8B1959003C3568 /* Service.swift in Sources */,
				57ADB1B51C9F4CC3001E0766 /* SettingsLabels.swift in Sources */,
				578258071C8B1973003C3568 /* AuthService.swift in Sources */,
				57E204281C9C8C7B009B3033 /* AuthWebViewController.swift in Sources */,
				57ADB1A21C9EC47A001E0766 /* MoveCopyViewController.swift in Sources */,
				57AF96981C8B524800E924C3 /* Document.swift in Sources */,
				57E2042D1C9C8C7B009B3033 /* DocumentPreviewViewController.swift in Sources */,
				5795DD5E1C8C9D750008DFA1 /* DateFormatter.swift in Sources */,
				57AF96A11C8B5CB000E924C3 /* DocsParser.swift in Sources */,
				5703FA511C9D9A6C00C84F60 /* FolderDataSource.swift in Sources */,
				57AF969C1C8B571D00E924C3 /* DocsService.swift in Sources */,
				57AF969F1C8B5C9800E924C3 /* Parser.swift in Sources */,
				578258031C8B18FF003C3568 /* ServiceLayer.swift in Sources */,
				5795DD621C8CC9450008DFA1 /* UserService.swift in Sources */,
				57ADB1B21C9F3F21001E0766 /* UIFont+VKFont.swift in Sources */,
				57E204311C9C8C7B009B3033 /* UserDocsDataSource.swift in Sources */,
				57ADB1A41C9F0496001E0766 /* Window.swift in Sources */,
				57ADB1A01C9DF265001E0766 /* DocumentsPickerTabBarOverlay.swift in Sources */,
				5775CE941C98CE3F00D2C113 /* Reachability.swift in Sources */,
				5715AE7E1C8B863F0074C59F /* ImageService.swift in Sources */,
				5795DD601C8C9D8F0008DFA1 /* Error.swift in Sources */,
				57E2042A1C9C8C7B009B3033 /* TabBarController.swift in Sources */,
				57ADB1B01C9F3B5D001E0766 /* UIColors+VKColors.swift in Sources */,
				57687F861C8F32EE0037AF4F /* Bash.swift in Sources */,
				57E2042C1C9C8C7B009B3033 /* ViewController.swift in Sources */,
				5715AE811C8BB5560074C59F /* Dispatch.swift in Sources */,
				5782580F1C8B278D003C3568 /* UserSettingsSerivce.swift in Sources */,
				57AF969A1C8B53FC00E924C3 /* Transport.swift in Sources */,
				5782580D1C8B1A5B003C3568 /* Const.swift in Sources */,
				57ADB1A61C9F215E001E0766 /* ToastManager.swift in Sources */,
				578257FC1C8B173B003C3568 /* AppDelegate.swift in Sources */,
				5703FA551C9DDF2B00C84F60 /* DocumentsPickerNavBarOverlay.swift in Sources */,
			);
			runOnlyForDeploymentPostprocessing = 0;
		};
		578257CC1C8AFA6F003C3568 /* Sources */ = {
			isa = PBXSourcesBuildPhase;
			buildActionMask = 2147483647;
			files = (
				578257D51C8AFA6F003C3568 /* VKDocReaderTests.swift in Sources */,
			);
			runOnlyForDeploymentPostprocessing = 0;
		};
		578257D71C8AFA6F003C3568 /* Sources */ = {
			isa = PBXSourcesBuildPhase;
			buildActionMask = 2147483647;
			files = (
				578257E01C8AFA6F003C3568 /* VKDocReaderUITests.swift in Sources */,
			);
			runOnlyForDeploymentPostprocessing = 0;
		};
		57AF2C9E1C97578600C5A193 /* Sources */ = {
			isa = PBXSourcesBuildPhase;
			buildActionMask = 2147483647;
			files = (
				57AF2CA51C97578600C5A193 /* ShareViewController.swift in Sources */,
			);
			runOnlyForDeploymentPostprocessing = 0;
		};
/* End PBXSourcesBuildPhase section */

/* Begin PBXTargetDependency section */
		578257D21C8AFA6F003C3568 /* PBXTargetDependency */ = {
			isa = PBXTargetDependency;
			target = 578257BB1C8AFA6F003C3568 /* VKDocReader */;
			targetProxy = 578257D11C8AFA6F003C3568 /* PBXContainerItemProxy */;
		};
		578257DD1C8AFA6F003C3568 /* PBXTargetDependency */ = {
			isa = PBXTargetDependency;
			target = 578257BB1C8AFA6F003C3568 /* VKDocReader */;
			targetProxy = 578257DC1C8AFA6F003C3568 /* PBXContainerItemProxy */;
		};
		57AF2CAB1C97578600C5A193 /* PBXTargetDependency */ = {
			isa = PBXTargetDependency;
			target = 57AF2CA11C97578600C5A193 /* ShareUpload */;
			targetProxy = 57AF2CAA1C97578600C5A193 /* PBXContainerItemProxy */;
		};
/* End PBXTargetDependency section */

/* Begin PBXVariantGroup section */
		57AF2CA61C97578600C5A193 /* MainInterface.storyboard */ = {
			isa = PBXVariantGroup;
			children = (
				57AF2CA71C97578600C5A193 /* Base */,
			);
			name = MainInterface.storyboard;
			sourceTree = "<group>";
		};
/* End PBXVariantGroup section */

/* Begin XCBuildConfiguration section */
		578257E21C8AFA6F003C3568 /* Debug */ = {
			isa = XCBuildConfiguration;
			buildSettings = {
				ALWAYS_SEARCH_USER_PATHS = NO;
				CLANG_CXX_LANGUAGE_STANDARD = "gnu++0x";
				CLANG_CXX_LIBRARY = "libc++";
				CLANG_ENABLE_MODULES = YES;
				CLANG_ENABLE_OBJC_ARC = YES;
				CLANG_WARN_BOOL_CONVERSION = YES;
				CLANG_WARN_CONSTANT_CONVERSION = YES;
				CLANG_WARN_DIRECT_OBJC_ISA_USAGE = YES_ERROR;
				CLANG_WARN_EMPTY_BODY = YES;
				CLANG_WARN_ENUM_CONVERSION = YES;
				CLANG_WARN_INT_CONVERSION = YES;
				CLANG_WARN_OBJC_ROOT_CLASS = YES_ERROR;
				CLANG_WARN_UNREACHABLE_CODE = YES;
				CLANG_WARN__DUPLICATE_METHOD_MATCH = YES;
				"CODE_SIGN_IDENTITY[sdk=iphoneos*]" = "iPhone Developer";
				COPY_PHASE_STRIP = NO;
				DEBUG_INFORMATION_FORMAT = dwarf;
				ENABLE_STRICT_OBJC_MSGSEND = YES;
				ENABLE_TESTABILITY = YES;
				GCC_C_LANGUAGE_STANDARD = gnu99;
				GCC_DYNAMIC_NO_PIC = NO;
				GCC_NO_COMMON_BLOCKS = YES;
				GCC_OPTIMIZATION_LEVEL = 0;
				GCC_PREPROCESSOR_DEFINITIONS = (
					"DEBUG=1",
					"$(inherited)",
				);
				GCC_WARN_64_TO_32_BIT_CONVERSION = YES;
				GCC_WARN_ABOUT_RETURN_TYPE = YES_ERROR;
				GCC_WARN_UNDECLARED_SELECTOR = YES;
				GCC_WARN_UNINITIALIZED_AUTOS = YES_AGGRESSIVE;
				GCC_WARN_UNUSED_FUNCTION = YES;
				GCC_WARN_UNUSED_VARIABLE = YES;
				IPHONEOS_DEPLOYMENT_TARGET = 9.2;
				MTL_ENABLE_DEBUG_INFO = YES;
				ONLY_ACTIVE_ARCH = YES;
				SDKROOT = iphoneos;
				SWIFT_OPTIMIZATION_LEVEL = "-Onone";
				TARGETED_DEVICE_FAMILY = "1,2";
			};
			name = Debug;
		};
		578257E31C8AFA6F003C3568 /* Release */ = {
			isa = XCBuildConfiguration;
			buildSettings = {
				ALWAYS_SEARCH_USER_PATHS = NO;
				CLANG_CXX_LANGUAGE_STANDARD = "gnu++0x";
				CLANG_CXX_LIBRARY = "libc++";
				CLANG_ENABLE_MODULES = YES;
				CLANG_ENABLE_OBJC_ARC = YES;
				CLANG_WARN_BOOL_CONVERSION = YES;
				CLANG_WARN_CONSTANT_CONVERSION = YES;
				CLANG_WARN_DIRECT_OBJC_ISA_USAGE = YES_ERROR;
				CLANG_WARN_EMPTY_BODY = YES;
				CLANG_WARN_ENUM_CONVERSION = YES;
				CLANG_WARN_INT_CONVERSION = YES;
				CLANG_WARN_OBJC_ROOT_CLASS = YES_ERROR;
				CLANG_WARN_UNREACHABLE_CODE = YES;
				CLANG_WARN__DUPLICATE_METHOD_MATCH = YES;
				"CODE_SIGN_IDENTITY[sdk=iphoneos*]" = "iPhone Developer";
				COPY_PHASE_STRIP = NO;
				DEBUG_INFORMATION_FORMAT = "dwarf-with-dsym";
				ENABLE_NS_ASSERTIONS = NO;
				ENABLE_STRICT_OBJC_MSGSEND = YES;
				GCC_C_LANGUAGE_STANDARD = gnu99;
				GCC_NO_COMMON_BLOCKS = YES;
				GCC_WARN_64_TO_32_BIT_CONVERSION = YES;
				GCC_WARN_ABOUT_RETURN_TYPE = YES_ERROR;
				GCC_WARN_UNDECLARED_SELECTOR = YES;
				GCC_WARN_UNINITIALIZED_AUTOS = YES_AGGRESSIVE;
				GCC_WARN_UNUSED_FUNCTION = YES;
				GCC_WARN_UNUSED_VARIABLE = YES;
				IPHONEOS_DEPLOYMENT_TARGET = 9.2;
				MTL_ENABLE_DEBUG_INFO = NO;
				SDKROOT = iphoneos;
				TARGETED_DEVICE_FAMILY = "1,2";
				VALIDATE_PRODUCT = YES;
			};
			name = Release;
		};
		578257E51C8AFA6F003C3568 /* Debug */ = {
			isa = XCBuildConfiguration;
			baseConfigurationReference = 07C163E77DAE8C9B3CBAAAF9 /* Pods-VKDocReader.debug.xcconfig */;
			buildSettings = {
				ASSETCATALOG_COMPILER_APPICON_NAME = AppIcon;
				CODE_SIGN_ENTITLEMENTS = VKDocReader/VKDocReader.entitlements;
				CODE_SIGN_IDENTITY = "iPhone Developer";
				"CODE_SIGN_IDENTITY[sdk=iphoneos*]" = "iPhone Developer";
				EMBEDDED_CONTENT_CONTAINS_SWIFT = YES;
				INFOPLIST_FILE = VKDocReader/Other/Info.plist;
				IPHONEOS_DEPLOYMENT_TARGET = 8.0;
				LD_RUNPATH_SEARCH_PATHS = "$(inherited) @executable_path/Frameworks";
				PRODUCT_BUNDLE_IDENTIFIER = ru.yaryabu.VKDocReader;
				PRODUCT_NAME = "$(TARGET_NAME)";
				PROVISIONING_PROFILE = "";
				WARNING_CFLAGS = (
					"-Wextra",
					"-Wall",
				);
			};
			name = Debug;
		};
		578257E61C8AFA6F003C3568 /* Release */ = {
			isa = XCBuildConfiguration;
			baseConfigurationReference = FECA0E32A931B8D1DADCE151 /* Pods-VKDocReader.release.xcconfig */;
			buildSettings = {
				ASSETCATALOG_COMPILER_APPICON_NAME = AppIcon;
				CODE_SIGN_ENTITLEMENTS = VKDocReader/VKDocReader.entitlements;
				CODE_SIGN_IDENTITY = "iPhone Developer";
				"CODE_SIGN_IDENTITY[sdk=iphoneos*]" = "iPhone Developer";
				EMBEDDED_CONTENT_CONTAINS_SWIFT = YES;
				INFOPLIST_FILE = VKDocReader/Other/Info.plist;
				IPHONEOS_DEPLOYMENT_TARGET = 8.0;
				LD_RUNPATH_SEARCH_PATHS = "$(inherited) @executable_path/Frameworks";
				PRODUCT_BUNDLE_IDENTIFIER = ru.yaryabu.VKDocReader;
				PRODUCT_NAME = "$(TARGET_NAME)";
				PROVISIONING_PROFILE = "";
				WARNING_CFLAGS = (
					"-Wextra",
					"-Wall",
				);
			};
			name = Release;
		};
		578257E81C8AFA6F003C3568 /* Debug */ = {
			isa = XCBuildConfiguration;
			buildSettings = {
				BUNDLE_LOADER = "$(TEST_HOST)";
				INFOPLIST_FILE = VKDocReaderTests/Info.plist;
				LD_RUNPATH_SEARCH_PATHS = "$(inherited) @executable_path/Frameworks @loader_path/Frameworks";
				PRODUCT_BUNDLE_IDENTIFIER = ru.yaryabu.VKDocReaderTests;
				PRODUCT_NAME = "$(TARGET_NAME)";
				TEST_HOST = "$(BUILT_PRODUCTS_DIR)/VKDocReader.app/VKDocReader";
			};
			name = Debug;
		};
		578257E91C8AFA6F003C3568 /* Release */ = {
			isa = XCBuildConfiguration;
			buildSettings = {
				BUNDLE_LOADER = "$(TEST_HOST)";
				INFOPLIST_FILE = VKDocReaderTests/Info.plist;
				LD_RUNPATH_SEARCH_PATHS = "$(inherited) @executable_path/Frameworks @loader_path/Frameworks";
				PRODUCT_BUNDLE_IDENTIFIER = ru.yaryabu.VKDocReaderTests;
				PRODUCT_NAME = "$(TARGET_NAME)";
				TEST_HOST = "$(BUILT_PRODUCTS_DIR)/VKDocReader.app/VKDocReader";
			};
			name = Release;
		};
		578257EB1C8AFA6F003C3568 /* Debug */ = {
			isa = XCBuildConfiguration;
			buildSettings = {
				INFOPLIST_FILE = VKDocReaderUITests/Info.plist;
				LD_RUNPATH_SEARCH_PATHS = "$(inherited) @executable_path/Frameworks @loader_path/Frameworks";
				PRODUCT_BUNDLE_IDENTIFIER = ru.yaryabu.VKDocReaderUITests;
				PRODUCT_NAME = "$(TARGET_NAME)";
				TEST_TARGET_NAME = VKDocReader;
				USES_XCTRUNNER = YES;
			};
			name = Debug;
		};
		578257EC1C8AFA6F003C3568 /* Release */ = {
			isa = XCBuildConfiguration;
			buildSettings = {
				INFOPLIST_FILE = VKDocReaderUITests/Info.plist;
				LD_RUNPATH_SEARCH_PATHS = "$(inherited) @executable_path/Frameworks @loader_path/Frameworks";
				PRODUCT_BUNDLE_IDENTIFIER = ru.yaryabu.VKDocReaderUITests;
				PRODUCT_NAME = "$(TARGET_NAME)";
				TEST_TARGET_NAME = VKDocReader;
				USES_XCTRUNNER = YES;
			};
			name = Release;
		};
		57AF2CAE1C97578600C5A193 /* Debug */ = {
			isa = XCBuildConfiguration;
			buildSettings = {
				INFOPLIST_FILE = ShareExtension/Info.plist;
				IPHONEOS_DEPLOYMENT_TARGET = 8.0;
				LD_RUNPATH_SEARCH_PATHS = "$(inherited) @executable_path/Frameworks @executable_path/../../Frameworks";
				PRODUCT_BUNDLE_IDENTIFIER = ru.yaryabu.VKDocReader.ShareUpload;
				PRODUCT_NAME = "$(TARGET_NAME)";
				SKIP_INSTALL = YES;
			};
			name = Debug;
		};
		57AF2CAF1C97578600C5A193 /* Release */ = {
			isa = XCBuildConfiguration;
			buildSettings = {
				INFOPLIST_FILE = ShareExtension/Info.plist;
				IPHONEOS_DEPLOYMENT_TARGET = 8.0;
				LD_RUNPATH_SEARCH_PATHS = "$(inherited) @executable_path/Frameworks @executable_path/../../Frameworks";
				PRODUCT_BUNDLE_IDENTIFIER = ru.yaryabu.VKDocReader.ShareUpload;
				PRODUCT_NAME = "$(TARGET_NAME)";
				SKIP_INSTALL = YES;
			};
			name = Release;
		};
/* End XCBuildConfiguration section */

/* Begin XCConfigurationList section */
		578257B71C8AFA6F003C3568 /* Build configuration list for PBXProject "VKDocReader" */ = {
			isa = XCConfigurationList;
			buildConfigurations = (
				578257E21C8AFA6F003C3568 /* Debug */,
				578257E31C8AFA6F003C3568 /* Release */,
			);
			defaultConfigurationIsVisible = 0;
			defaultConfigurationName = Release;
		};
		578257E41C8AFA6F003C3568 /* Build configuration list for PBXNativeTarget "VKDocReader" */ = {
			isa = XCConfigurationList;
			buildConfigurations = (
				578257E51C8AFA6F003C3568 /* Debug */,
				578257E61C8AFA6F003C3568 /* Release */,
			);
			defaultConfigurationIsVisible = 0;
			defaultConfigurationName = Release;
		};
		578257E71C8AFA6F003C3568 /* Build configuration list for PBXNativeTarget "VKDocReaderTests" */ = {
			isa = XCConfigurationList;
			buildConfigurations = (
				578257E81C8AFA6F003C3568 /* Debug */,
				578257E91C8AFA6F003C3568 /* Release */,
			);
			defaultConfigurationIsVisible = 0;
			defaultConfigurationName = Release;
		};
		578257EA1C8AFA6F003C3568 /* Build configuration list for PBXNativeTarget "VKDocReaderUITests" */ = {
			isa = XCConfigurationList;
			buildConfigurations = (
				578257EB1C8AFA6F003C3568 /* Debug */,
				578257EC1C8AFA6F003C3568 /* Release */,
			);
			defaultConfigurationIsVisible = 0;
			defaultConfigurationName = Release;
		};
		57AF2CAD1C97578600C5A193 /* Build configuration list for PBXNativeTarget "ShareUpload" */ = {
			isa = XCConfigurationList;
			buildConfigurations = (
				57AF2CAE1C97578600C5A193 /* Debug */,
				57AF2CAF1C97578600C5A193 /* Release */,
			);
			defaultConfigurationIsVisible = 0;
			defaultConfigurationName = Release;
		};
/* End XCConfigurationList section */
	};
	rootObject = 578257B41C8AFA6F003C3568 /* Project object */;
}
